// !$*UTF8*$!
{
	archiveVersion = 1;
	classes = {
	};
	objectVersion = 55;
	objects = {

/* Begin PBXBuildFile section */
		EC5B6BD329339BD7009670FD /* main.swift in Sources */ = {isa = PBXBuildFile; fileRef = EC5B6BD229339BD7009670FD /* main.swift */; };
		EC5B6BDC2933B777009670FD /* ParsingModels.swift in Sources */ = {isa = PBXBuildFile; fileRef = EC5B6BDB2933B777009670FD /* ParsingModels.swift */; };
		EC5B6BE12933C58A009670FD /* StringHelpers.swift in Sources */ = {isa = PBXBuildFile; fileRef = EC5B6BE02933C58A009670FD /* StringHelpers.swift */; };
		EC5B6BE32933CAB7009670FD /* CommandParser.swift in Sources */ = {isa = PBXBuildFile; fileRef = EC5B6BE22933CAB7009670FD /* CommandParser.swift */; };
		EC5B6BE52933CBC0009670FD /* QueryManager.swift in Sources */ = {isa = PBXBuildFile; fileRef = EC5B6BE42933CBC0009670FD /* QueryManager.swift */; };
		EC5B6BE82933CFF3009670FD /* ArrayHelpers.swift in Sources */ = {isa = PBXBuildFile; fileRef = EC5B6BE72933CFF3009670FD /* ArrayHelpers.swift */; };
/* End PBXBuildFile section */

/* Begin PBXCopyFilesBuildPhase section */
		EC5B6BCD29339BD7009670FD /* CopyFiles */ = {
			isa = PBXCopyFilesBuildPhase;
			buildActionMask = 2147483647;
			dstPath = /usr/share/man/man1/;
			dstSubfolderSpec = 0;
			files = (
			);
			runOnlyForDeploymentPostprocessing = 1;
		};
/* End PBXCopyFilesBuildPhase section */

/* Begin PBXFileReference section */
		EC5B6BCF29339BD7009670FD /* DBMSKit */ = {isa = PBXFileReference; explicitFileType = "compiled.mach-o.executable"; includeInIndex = 0; path = DBMSKit; sourceTree = BUILT_PRODUCTS_DIR; };
		EC5B6BD229339BD7009670FD /* main.swift */ = {isa = PBXFileReference; lastKnownFileType = sourcecode.swift; path = main.swift; sourceTree = "<group>"; };
		EC5B6BDB2933B777009670FD /* ParsingModels.swift */ = {isa = PBXFileReference; lastKnownFileType = sourcecode.swift; path = ParsingModels.swift; sourceTree = "<group>"; };
		EC5B6BE02933C58A009670FD /* StringHelpers.swift */ = {isa = PBXFileReference; lastKnownFileType = sourcecode.swift; path = StringHelpers.swift; sourceTree = "<group>"; };
		EC5B6BE22933CAB7009670FD /* CommandParser.swift */ = {isa = PBXFileReference; lastKnownFileType = sourcecode.swift; path = CommandParser.swift; sourceTree = "<group>"; };
		EC5B6BE42933CBC0009670FD /* QueryManager.swift */ = {isa = PBXFileReference; lastKnownFileType = sourcecode.swift; path = QueryManager.swift; sourceTree = "<group>"; };
		EC5B6BE72933CFF3009670FD /* ArrayHelpers.swift */ = {isa = PBXFileReference; lastKnownFileType = sourcecode.swift; path = ArrayHelpers.swift; sourceTree = "<group>"; };
/* End PBXFileReference section */

/* Begin PBXFrameworksBuildPhase section */
		EC5B6BCC29339BD7009670FD /* Frameworks */ = {
			isa = PBXFrameworksBuildPhase;
			buildActionMask = 2147483647;
			files = (
			);
			runOnlyForDeploymentPostprocessing = 0;
		};
/* End PBXFrameworksBuildPhase section */

/* Begin PBXGroup section */
		EC5B6BC629339BD7009670FD = {
			isa = PBXGroup;
			children = (
				EC5B6BD129339BD7009670FD /* DBMSKit */,
				EC5B6BD029339BD7009670FD /* Products */,
			);
			sourceTree = "<group>";
		};
		EC5B6BD029339BD7009670FD /* Products */ = {
			isa = PBXGroup;
			children = (
				EC5B6BCF29339BD7009670FD /* DBMSKit */,
			);
			name = Products;
			sourceTree = "<group>";
		};
		EC5B6BD129339BD7009670FD /* DBMSKit */ = {
			isa = PBXGroup;
			children = (
				EC5B6BE92933D502009670FD /* Models */,
				EC5B6BDF2933C575009670FD /* Helpers */,
				EC5B6BD92933B64A009670FD /* Command Parsing */,
				EC5B6BD229339BD7009670FD /* main.swift */,
				EC5B6BE42933CBC0009670FD /* QueryManager.swift */,
			);
			path = DBMSKit;
			sourceTree = "<group>";
		};
		EC5B6BD92933B64A009670FD /* Command Parsing */ = {
			isa = PBXGroup;
			children = (
				EC5B6BDB2933B777009670FD /* ParsingModels.swift */,
				EC5B6BE22933CAB7009670FD /* CommandParser.swift */,
			);
			path = "Command Parsing";
			sourceTree = "<group>";
		};
		EC5B6BDF2933C575009670FD /* Helpers */ = {
			isa = PBXGroup;
			children = (
				EC5B6BE02933C58A009670FD /* StringHelpers.swift */,
				EC5B6BE72933CFF3009670FD /* ArrayHelpers.swift */,
			);
			path = Helpers;
			sourceTree = "<group>";
		};
		EC5B6BE92933D502009670FD /* Models */ = {
			isa = PBXGroup;
			children = (
			);
			path = Models;
			sourceTree = "<group>";
		};
/* End PBXGroup section */

/* Begin PBXNativeTarget section */
		EC5B6BCE29339BD7009670FD /* DBMSKit */ = {
			isa = PBXNativeTarget;
			buildConfigurationList = EC5B6BD629339BD7009670FD /* Build configuration list for PBXNativeTarget "DBMSKit" */;
			buildPhases = (
				EC5B6BCB29339BD7009670FD /* Sources */,
				EC5B6BCC29339BD7009670FD /* Frameworks */,
				EC5B6BCD29339BD7009670FD /* CopyFiles */,
			);
			buildRules = (
			);
			dependencies = (
			);
			name = DBMSKit;
			productName = DBMSKit;
			productReference = EC5B6BCF29339BD7009670FD /* DBMSKit */;
			productType = "com.apple.product-type.tool";
		};
/* End PBXNativeTarget section */

/* Begin PBXProject section */
		EC5B6BC729339BD7009670FD /* Project object */ = {
			isa = PBXProject;
			attributes = {
				BuildIndependentTargetsInParallel = 1;
				LastSwiftUpdateCheck = 1330;
				LastUpgradeCheck = 1330;
				TargetAttributes = {
					EC5B6BCE29339BD7009670FD = {
						CreatedOnToolsVersion = 13.3;
					};
				};
			};
			buildConfigurationList = EC5B6BCA29339BD7009670FD /* Build configuration list for PBXProject "DBMSKit" */;
			compatibilityVersion = "Xcode 13.0";
			developmentRegion = en;
			hasScannedForEncodings = 0;
			knownRegions = (
				en,
				Base,
			);
			mainGroup = EC5B6BC629339BD7009670FD;
			productRefGroup = EC5B6BD029339BD7009670FD /* Products */;
			projectDirPath = "";
			projectRoot = "";
			targets = (
				EC5B6BCE29339BD7009670FD /* DBMSKit */,
			);
		};
/* End PBXProject section */

/* Begin PBXSourcesBuildPhase section */
		EC5B6BCB29339BD7009670FD /* Sources */ = {
			isa = PBXSourcesBuildPhase;
			buildActionMask = 2147483647;
			files = (
				EC5B6BE52933CBC0009670FD /* QueryManager.swift in Sources */,
				EC5B6BE82933CFF3009670FD /* ArrayHelpers.swift in Sources */,
				EC5B6BDC2933B777009670FD /* ParsingModels.swift in Sources */,
				EC5B6BD329339BD7009670FD /* main.swift in Sources */,
				EC5B6BE32933CAB7009670FD /* CommandParser.swift in Sources */,
				EC5B6BE12933C58A009670FD /* StringHelpers.swift in Sources */,
			);
			runOnlyForDeploymentPostprocessing = 0;
		};
/* End PBXSourcesBuildPhase section */

/* Begin XCBuildConfiguration section */
		EC5B6BD429339BD7009670FD /* Debug */ = {
			isa = XCBuildConfiguration;
			buildSettings = {
				ALWAYS_SEARCH_USER_PATHS = NO;
				CLANG_ANALYZER_NONNULL = YES;
				CLANG_ANALYZER_NUMBER_OBJECT_CONVERSION = YES_AGGRESSIVE;
				CLANG_CXX_LANGUAGE_STANDARD = "gnu++17";
				CLANG_ENABLE_MODULES = YES;
				CLANG_ENABLE_OBJC_ARC = YES;
				CLANG_ENABLE_OBJC_WEAK = YES;
				CLANG_WARN_BLOCK_CAPTURE_AUTORELEASING = YES;
				CLANG_WARN_BOOL_CONVERSION = YES;
				CLANG_WARN_COMMA = YES;
				CLANG_WARN_CONSTANT_CONVERSION = YES;
				CLANG_WARN_DEPRECATED_OBJC_IMPLEMENTATIONS = YES;
				CLANG_WARN_DIRECT_OBJC_ISA_USAGE = YES_ERROR;
				CLANG_WARN_DOCUMENTATION_COMMENTS = YES;
				CLANG_WARN_EMPTY_BODY = YES;
				CLANG_WARN_ENUM_CONVERSION = YES;
				CLANG_WARN_INFINITE_RECURSION = YES;
				CLANG_WARN_INT_CONVERSION = YES;
				CLANG_WARN_NON_LITERAL_NULL_CONVERSION = YES;
				CLANG_WARN_OBJC_IMPLICIT_RETAIN_SELF = YES;
				CLANG_WARN_OBJC_LITERAL_CONVERSION = YES;
				CLANG_WARN_OBJC_ROOT_CLASS = YES_ERROR;
				CLANG_WARN_QUOTED_INCLUDE_IN_FRAMEWORK_HEADER = YES;
				CLANG_WARN_RANGE_LOOP_ANALYSIS = YES;
				CLANG_WARN_STRICT_PROTOTYPES = YES;
				CLANG_WARN_SUSPICIOUS_MOVE = YES;
				CLANG_WARN_UNGUARDED_AVAILABILITY = YES_AGGRESSIVE;
				CLANG_WARN_UNREACHABLE_CODE = YES;
				CLANG_WARN__DUPLICATE_METHOD_MATCH = YES;
				COPY_PHASE_STRIP = NO;
				DEBUG_INFORMATION_FORMAT = dwarf;
				ENABLE_STRICT_OBJC_MSGSEND = YES;
				ENABLE_TESTABILITY = YES;
				GCC_C_LANGUAGE_STANDARD = gnu11;
				GCC_DYNAMIC_NO_PIC = NO;
				GCC_NO_COMMON_BLOCKS = YES;
				GCC_OPTIMIZATION_LEVEL = 0;
				GCC_PREPROCESSOR_DEFINITIONS = (
					"DEBUG=1",
					"$(inherited)",
				);
				GCC_WARN_64_TO_32_BIT_CONVERSION = YES;
				GCC_WARN_ABOUT_RETURN_TYPE = YES_ERROR;
				GCC_WARN_UNDECLARED_SELECTOR = YES;
				GCC_WARN_UNINITIALIZED_AUTOS = YES_AGGRESSIVE;
				GCC_WARN_UNUSED_FUNCTION = YES;
				GCC_WARN_UNUSED_VARIABLE = YES;
				MACOSX_DEPLOYMENT_TARGET = 12.3;
				MTL_ENABLE_DEBUG_INFO = INCLUDE_SOURCE;
				MTL_FAST_MATH = YES;
				ONLY_ACTIVE_ARCH = YES;
				SDKROOT = macosx;
				SWIFT_ACTIVE_COMPILATION_CONDITIONS = DEBUG;
				SWIFT_OPTIMIZATION_LEVEL = "-Onone";
			};
			name = Debug;
		};
		EC5B6BD529339BD7009670FD /* Release */ = {
			isa = XCBuildConfiguration;
			buildSettings = {
				ALWAYS_SEARCH_USER_PATHS = NO;
				CLANG_ANALYZER_NONNULL = YES;
				CLANG_ANALYZER_NUMBER_OBJECT_CONVERSION = YES_AGGRESSIVE;
				CLANG_CXX_LANGUAGE_STANDARD = "gnu++17";
				CLANG_ENABLE_MODULES = YES;
				CLANG_ENABLE_OBJC_ARC = YES;
				CLANG_ENABLE_OBJC_WEAK = YES;
				CLANG_WARN_BLOCK_CAPTURE_AUTORELEASING = YES;
				CLANG_WARN_BOOL_CONVERSION = YES;
				CLANG_WARN_COMMA = YES;
				CLANG_WARN_CONSTANT_CONVERSION = YES;
				CLANG_WARN_DEPRECATED_OBJC_IMPLEMENTATIONS = YES;
				CLANG_WARN_DIRECT_OBJC_ISA_USAGE = YES_ERROR;
				CLANG_WARN_DOCUMENTATION_COMMENTS = YES;
				CLANG_WARN_EMPTY_BODY = YES;
				CLANG_WARN_ENUM_CONVERSION = YES;
				CLANG_WARN_INFINITE_RECURSION = YES;
				CLANG_WARN_INT_CONVERSION = YES;
				CLANG_WARN_NON_LITERAL_NULL_CONVERSION = YES;
				CLANG_WARN_OBJC_IMPLICIT_RETAIN_SELF = YES;
				CLANG_WARN_OBJC_LITERAL_CONVERSION = YES;
				CLANG_WARN_OBJC_ROOT_CLASS = YES_ERROR;
				CLANG_WARN_QUOTED_INCLUDE_IN_FRAMEWORK_HEADER = YES;
				CLANG_WARN_RANGE_LOOP_ANALYSIS = YES;
				CLANG_WARN_STRICT_PROTOTYPES = YES;
				CLANG_WARN_SUSPICIOUS_MOVE = YES;
				CLANG_WARN_UNGUARDED_AVAILABILITY = YES_AGGRESSIVE;
				CLANG_WARN_UNREACHABLE_CODE = YES;
				CLANG_WARN__DUPLICATE_METHOD_MATCH = YES;
				COPY_PHASE_STRIP = NO;
				DEBUG_INFORMATION_FORMAT = "dwarf-with-dsym";
				ENABLE_NS_ASSERTIONS = NO;
				ENABLE_STRICT_OBJC_MSGSEND = YES;
				GCC_C_LANGUAGE_STANDARD = gnu11;
				GCC_NO_COMMON_BLOCKS = YES;
				GCC_WARN_64_TO_32_BIT_CONVERSION = YES;
				GCC_WARN_ABOUT_RETURN_TYPE = YES_ERROR;
				GCC_WARN_UNDECLARED_SELECTOR = YES;
				GCC_WARN_UNINITIALIZED_AUTOS = YES_AGGRESSIVE;
				GCC_WARN_UNUSED_FUNCTION = YES;
				GCC_WARN_UNUSED_VARIABLE = YES;
				MACOSX_DEPLOYMENT_TARGET = 12.3;
				MTL_ENABLE_DEBUG_INFO = NO;
				MTL_FAST_MATH = YES;
				SDKROOT = macosx;
				SWIFT_COMPILATION_MODE = wholemodule;
				SWIFT_OPTIMIZATION_LEVEL = "-O";
			};
			name = Release;
		};
		EC5B6BD729339BD7009670FD /* Debug */ = {
			isa = XCBuildConfiguration;
			buildSettings = {
				CODE_SIGN_STYLE = Automatic;
				DEVELOPMENT_TEAM = 7352ZCGRRF;
				ENABLE_HARDENED_RUNTIME = YES;
				PRODUCT_NAME = "$(TARGET_NAME)";
				SWIFT_VERSION = 5.0;
			};
			name = Debug;
		};
		EC5B6BD829339BD7009670FD /* Release */ = {
			isa = XCBuildConfiguration;
			buildSettings = {
				CODE_SIGN_STYLE = Automatic;
				DEVELOPMENT_TEAM = 7352ZCGRRF;
				ENABLE_HARDENED_RUNTIME = YES;
				PRODUCT_NAME = "$(TARGET_NAME)";
				SWIFT_VERSION = 5.0;
			};
			name = Release;
		};
/* End XCBuildConfiguration section */

/* Begin XCConfigurationList section */
		EC5B6BCA29339BD7009670FD /* Build configuration list for PBXProject "DBMSKit" */ = {
			isa = XCConfigurationList;
			buildConfigurations = (
				EC5B6BD429339BD7009670FD /* Debug */,
				EC5B6BD529339BD7009670FD /* Release */,
			);
			defaultConfigurationIsVisible = 0;
			defaultConfigurationName = Release;
		};
		EC5B6BD629339BD7009670FD /* Build configuration list for PBXNativeTarget "DBMSKit" */ = {
			isa = XCConfigurationList;
			buildConfigurations = (
				EC5B6BD729339BD7009670FD /* Debug */,
				EC5B6BD829339BD7009670FD /* Release */,
			);
			defaultConfigurationIsVisible = 0;
			defaultConfigurationName = Release;
		};
/* End XCConfigurationList section */
	};
	rootObject = EC5B6BC729339BD7009670FD /* Project object */;
}
